
Microsoft Visual Studio Solution File, Format Version 12.00
# Visual Studio Version 16
VisualStudioVersion = 16.0.31624.102
MinimumVisualStudioVersion = 10.0.40219.1
Project("{FAE04EC0-301F-11D3-BF4B-00C04F79EFBC}") = "TestReload", "TestReload.csproj", "{962C4B90-483E-4EEC-BEC4-C100EF4AEFD3}"
EndProject
Global
	GlobalSection(SolutionConfigurationPlatforms) = preSolution
		Debug|Any CPU = Debug|Any CPU
		Release|Any CPU = Release|Any CPU
	EndGlobalSection
	GlobalSection(ProjectConfigurationPlatforms) = postSolution
		{962C4B90-483E-4EEC-BEC4-C100EF4AEFD3}.Debug|Any CPU.ActiveCfg = Debug|Any CPU
		{962C4B90-483E-4EEC-BEC4-C100EF4AEFD3}.Debug|Any CPU.Build.0 = Debug|Any CPU
		{962C4B90-483E-4EEC-BEC4-C100EF4AEFD3}.Release|Any CPU.ActiveCfg = Release|Any CPU
		{962C4B90-483E-4EEC-BEC4-C100EF4AEFD3}.Release|Any CPU.Build.0 = Release|Any CPU
	EndGlobalSection
	GlobalSection(SolutionProperties) = preSolution
		HideSolutionNode = FALSE
	EndGlobalSection
	GlobalSection(ExtensibilityGlobals) = postSolution
		SolutionGuid = {F82A7825-4E75-4011-924B-97A0B06AEC9F}
	EndGlobalSection
EndGlobal
